
Microsoft Visual Studio Solution File, Format Version 12.00
# Visual Studio Version 16
VisualStudioVersion = 16.0.31005.135
MinimumVisualStudioVersion = 10.0.40219.1
Project("{FAE04EC0-301F-11D3-BF4B-00C04F79EFBC}") = "Cálculo_Média", "Cálculo_Média\Cálculo_Média.csproj", "{01688C56-10FD-420B-9D48-0BCB1D22BDBD}"
EndProject
Global
	GlobalSection(SolutionConfigurationPlatforms) = preSolution
		Debug|Any CPU = Debug|Any CPU
		Release|Any CPU = Release|Any CPU
	EndGlobalSection
	GlobalSection(ProjectConfigurationPlatforms) = postSolution
		{01688C56-10FD-420B-9D48-0BCB1D22BDBD}.Debug|Any CPU.ActiveCfg = Debug|Any CPU
		{01688C56-10FD-420B-9D48-0BCB1D22BDBD}.Debug|Any CPU.Build.0 = Debug|Any CPU
		{01688C56-10FD-420B-9D48-0BCB1D22BDBD}.Release|Any CPU.ActiveCfg = Release|Any CPU
		{01688C56-10FD-420B-9D48-0BCB1D22BDBD}.Release|Any CPU.Build.0 = Release|Any CPU
	EndGlobalSection
	GlobalSection(SolutionProperties) = preSolution
		HideSolutionNode = FALSE
	EndGlobalSection
	GlobalSection(ExtensibilityGlobals) = postSolution
		SolutionGuid = {6172B8DC-A884-4C65-8861-E1702B66F929}
	EndGlobalSection
EndGlobal
